<?xml version="1.0" encoding="utf-8"?>
<Project ToolsVersion="4.0" xmlns="http://schemas.microsoft.com/developer/msbuild/2003">
  <ItemGroup>
    <Filter Include="Source Files">
      <UniqueIdentifier>{4FC737F1-C7A5-4376-A066-2A32D752A2FF}</UniqueIdentifier>
      <Extensions>cpp;c;cc;cxx;c++;cppm;ixx;def;odl;idl;hpj;bat;asm;asmx</Extensions>
    </Filter>
    <Filter Include="Header Files">
      <UniqueIdentifier>{93995380-89BD-4b04-88EB-625FBE52EBFB}</UniqueIdentifier>
      <Extensions>h;hh;hpp;hxx;h++;hm;inl;inc;ipp;xsd</Extensions>
    </Filter>
    <Filter Include="Resource Files">
      <UniqueIdentifier>{67DA6AB6-F800-4c08-8B7A-83BB121AAD01}</UniqueIdentifier>
      <Extensions>rc;ico;cur;bmp;dlg;rc2;rct;bin;rgs;gif;jpg;jpeg;jpe;resx;tiff;tif;png;wav;mfcribbon-ms</Extensions>
    </Filter>
    <Filter Include="Header Files\Queue">
      <UniqueIdentifier>{1d581391-360e-4573-a5dc-00c2d5d30542}</UniqueIdentifier>
    </Filter>
    <Filter Include="Header Files\Mutex">
      <UniqueIdentifier>{01442f5d-4b79-4ea1-aa5a-51150b584923}</UniqueIdentifier>
    </Filter>
    <Filter Include="Source Files\Mutex">
      <UniqueIdentifier>{6b6c9152-4d21-4a61-91e7-1cfb169faf09}</UniqueIdentifier>
    </Filter>
    <Filter Include="Source Files\Queue">
      <UniqueIdentifier>{2ab5cbe0-4f08-4261-ae04-d30fb47a0d51}</UniqueIdentifier>
    </Filter>
  </ItemGroup>
  <ItemGroup>
    <ClCompile Include="Main.cpp">
      <Filter>Source Files</Filter>
    </ClCompile>
    <ClCompile Include="Point.cpp">
      <Filter>Source Files</Filter>
    </ClCompile>
    <ClCompile Include="MutexFactorialFunction.cpp">
      <Filter>Source Files\Mutex</Filter>
    </ClCompile>
    <ClCompile Include="MutexFunction.cpp">
      <Filter>Source Files\Mutex</Filter>
    </ClCompile>
    <ClCompile Include="QueueFactorialFunction.cpp">
      <Filter>Source Files\Queue</Filter>
    </ClCompile>
    <ClCompile Include="QueueFunction.cpp">
      <Filter>Source Files\Queue</Filter>
    </ClCompile>
  </ItemGroup>
  <ItemGroup>
    <ClInclude Include="Point.h">
      <Filter>Header Files</Filter>
    </ClInclude>
    <ClInclude Include="QueueFactorialFunction.h">
      <Filter>Header Files\Queue</Filter>
    </ClInclude>
    <ClInclude Include="QueueFunction.h">
      <Filter>Header Files\Queue</Filter>
    </ClInclude>
    <ClInclude Include="MutexFunction.h">
      <Filter>Header Files\Mutex</Filter>
    </ClInclude>
    <ClInclude Include="MutexFactorialFunction.h">
      <Filter>Header Files\Mutex</Filter>
    </ClInclude>
  </ItemGroup>
  <ItemGroup>
    <None Include="..\log">
      <Filter>Resource Files</Filter>
    </None>
    <None Include="..\results">
      <Filter>Resource Files</Filter>
    </None>
  </ItemGroup>
</Project>